// !$*UTF8*$!
{
	archiveVersion = 1;
	classes = {
	};
	objectVersion = 46;
	objects = {

/* Begin PBXBuildFile section */
		28BA83951B6F905CEAF91101 /* libPods-mekakushinbunTests.a in Frameworks */ = {isa = PBXBuildFile; fileRef = 8692572AA1B7C7851D79E4E7 /* libPods-mekakushinbunTests.a */; };
		3C018FB21D112C1100020AE9 /* detailController.swift in Sources */ = {isa = PBXBuildFile; fileRef = 3C018FB11D112C1100020AE9 /* detailController.swift */; };
		3C018FB41D112C2900020AE9 /* menuController.swift in Sources */ = {isa = PBXBuildFile; fileRef = 3C018FB31D112C2900020AE9 /* menuController.swift */; };
		3C018FB61D1132CA00020AE9 /* newsCell.xib in Resources */ = {isa = PBXBuildFile; fileRef = 3C018FB51D1132CA00020AE9 /* newsCell.xib */; };
		3C018FB81D1136D500020AE9 /* newsTableViewCell.swift in Sources */ = {isa = PBXBuildFile; fileRef = 3C018FB71D1136D500020AE9 /* newsTableViewCell.swift */; };
		3CF67D411D112409004050EE /* AppDelegate.swift in Sources */ = {isa = PBXBuildFile; fileRef = 3CF67D401D112409004050EE /* AppDelegate.swift */; };
		3CF67D431D112409004050EE /* ViewController.swift in Sources */ = {isa = PBXBuildFile; fileRef = 3CF67D421D112409004050EE /* ViewController.swift */; };
		3CF67D461D112409004050EE /* Main.storyboard in Resources */ = {isa = PBXBuildFile; fileRef = 3CF67D441D112409004050EE /* Main.storyboard */; };
		3CF67D481D112409004050EE /* Assets.xcassets in Resources */ = {isa = PBXBuildFile; fileRef = 3CF67D471D112409004050EE /* Assets.xcassets */; };
		3CF67D4B1D112409004050EE /* LaunchScreen.storyboard in Resources */ = {isa = PBXBuildFile; fileRef = 3CF67D491D112409004050EE /* LaunchScreen.storyboard */; };
		3CF67D561D112409004050EE /* mekakushinbunTests.swift in Sources */ = {isa = PBXBuildFile; fileRef = 3CF67D551D112409004050EE /* mekakushinbunTests.swift */; };
		3CF67D611D112409004050EE /* mekakushinbunUITests.swift in Sources */ = {isa = PBXBuildFile; fileRef = 3CF67D601D112409004050EE /* mekakushinbunUITests.swift */; };
		8865678C9CFB9C538B77AB9F /* Pods_mekakushinbun.framework in Frameworks */ = {isa = PBXBuildFile; fileRef = EE0D4B234CDF8F5953467F32 /* Pods_mekakushinbun.framework */; };
		D5A601155FB599FCE8B667C6 /* libPods-mekakushinbunUITests.a in Frameworks */ = {isa = PBXBuildFile; fileRef = 8CA9EE587CF948A90224D0C4 /* libPods-mekakushinbunUITests.a */; };
/* End PBXBuildFile section */

/* Begin PBXContainerItemProxy section */
		3CF67D521D112409004050EE /* PBXContainerItemProxy */ = {
			isa = PBXContainerItemProxy;
			containerPortal = 3CF67D351D112408004050EE /* Project object */;
			proxyType = 1;
			remoteGlobalIDString = 3CF67D3C1D112409004050EE;
			remoteInfo = mekakushinbun;
		};
		3CF67D5D1D112409004050EE /* PBXContainerItemProxy */ = {
			isa = PBXContainerItemProxy;
			containerPortal = 3CF67D351D112408004050EE /* Project object */;
			proxyType = 1;
			remoteGlobalIDString = 3CF67D3C1D112409004050EE;
			remoteInfo = mekakushinbun;
		};
/* End PBXContainerItemProxy section */

/* Begin PBXFileReference section */
		1AE6CE006D67CF6CFA2E1417 /* Pods-mekakushinbunUITests.debug.xcconfig */ = {isa = PBXFileReference; includeInIndex = 1; lastKnownFileType = text.xcconfig; name = "Pods-mekakushinbunUITests.debug.xcconfig"; path = "Pods/Target Support Files/Pods-mekakushinbunUITests/Pods-mekakushinbunUITests.debug.xcconfig"; sourceTree = "<group>"; };
		1AE8584F9F73A40FBC85D6FC /* Pods-mekakushinbunTests.debug.xcconfig */ = {isa = PBXFileReference; includeInIndex = 1; lastKnownFileType = text.xcconfig; name = "Pods-mekakushinbunTests.debug.xcconfig"; path = "Pods/Target Support Files/Pods-mekakushinbunTests/Pods-mekakushinbunTests.debug.xcconfig"; sourceTree = "<group>"; };
		32EC651C4519A8EB504D50EF /* Pods-mekakushinbun.debug.xcconfig */ = {isa = PBXFileReference; includeInIndex = 1; lastKnownFileType = text.xcconfig; name = "Pods-mekakushinbun.debug.xcconfig"; path = "Pods/Target Support Files/Pods-mekakushinbun/Pods-mekakushinbun.debug.xcconfig"; sourceTree = "<group>"; };
		3C018FB11D112C1100020AE9 /* detailController.swift */ = {isa = PBXFileReference; fileEncoding = 4; lastKnownFileType = sourcecode.swift; name = detailController.swift; path = ../detailController.swift; sourceTree = "<group>"; };
		3C018FB31D112C2900020AE9 /* menuController.swift */ = {isa = PBXFileReference; fileEncoding = 4; lastKnownFileType = sourcecode.swift; path = menuController.swift; sourceTree = "<group>"; };
		3C018FB51D1132CA00020AE9 /* newsCell.xib */ = {isa = PBXFileReference; fileEncoding = 4; lastKnownFileType = file.xib; path = newsCell.xib; sourceTree = "<group>"; };
		3C018FB71D1136D500020AE9 /* newsTableViewCell.swift */ = {isa = PBXFileReference; fileEncoding = 4; lastKnownFileType = sourcecode.swift; path = newsTableViewCell.swift; sourceTree = "<group>"; };
		3CF67D3D1D112409004050EE /* mekakushinbun.app */ = {isa = PBXFileReference; explicitFileType = wrapper.application; includeInIndex = 0; path = mekakushinbun.app; sourceTree = BUILT_PRODUCTS_DIR; };
		3CF67D401D112409004050EE /* AppDelegate.swift */ = {isa = PBXFileReference; lastKnownFileType = sourcecode.swift; path = AppDelegate.swift; sourceTree = "<group>"; };
		3CF67D421D112409004050EE /* ViewController.swift */ = {isa = PBXFileReference; lastKnownFileType = sourcecode.swift; path = ViewController.swift; sourceTree = "<group>"; };
		3CF67D451D112409004050EE /* Base */ = {isa = PBXFileReference; lastKnownFileType = file.storyboard; name = Base; path = Base.lproj/Main.storyboard; sourceTree = "<group>"; };
		3CF67D471D112409004050EE /* Assets.xcassets */ = {isa = PBXFileReference; lastKnownFileType = folder.assetcatalog; path = Assets.xcassets; sourceTree = "<group>"; };
		3CF67D4A1D112409004050EE /* Base */ = {isa = PBXFileReference; lastKnownFileType = file.storyboard; name = Base; path = Base.lproj/LaunchScreen.storyboard; sourceTree = "<group>"; };
		3CF67D4C1D112409004050EE /* Info.plist */ = {isa = PBXFileReference; lastKnownFileType = text.plist.xml; path = Info.plist; sourceTree = "<group>"; };
		3CF67D511D112409004050EE /* mekakushinbunTests.xctest */ = {isa = PBXFileReference; explicitFileType = wrapper.cfbundle; includeInIndex = 0; path = mekakushinbunTests.xctest; sourceTree = BUILT_PRODUCTS_DIR; };
		3CF67D551D112409004050EE /* mekakushinbunTests.swift */ = {isa = PBXFileReference; lastKnownFileType = sourcecode.swift; path = mekakushinbunTests.swift; sourceTree = "<group>"; };
		3CF67D571D112409004050EE /* Info.plist */ = {isa = PBXFileReference; lastKnownFileType = text.plist.xml; path = Info.plist; sourceTree = "<group>"; };
		3CF67D5C1D112409004050EE /* mekakushinbunUITests.xctest */ = {isa = PBXFileReference; explicitFileType = wrapper.cfbundle; includeInIndex = 0; path = mekakushinbunUITests.xctest; sourceTree = BUILT_PRODUCTS_DIR; };
		3CF67D601D112409004050EE /* mekakushinbunUITests.swift */ = {isa = PBXFileReference; lastKnownFileType = sourcecode.swift; path = mekakushinbunUITests.swift; sourceTree = "<group>"; };
		3CF67D621D112409004050EE /* Info.plist */ = {isa = PBXFileReference; lastKnownFileType = text.plist.xml; path = Info.plist; sourceTree = "<group>"; };
		7F60E092529A759E761F6871 /* Pods-mekakushinbun.release.xcconfig */ = {isa = PBXFileReference; includeInIndex = 1; lastKnownFileType = text.xcconfig; name = "Pods-mekakushinbun.release.xcconfig"; path = "Pods/Target Support Files/Pods-mekakushinbun/Pods-mekakushinbun.release.xcconfig"; sourceTree = "<group>"; };
		8692572AA1B7C7851D79E4E7 /* libPods-mekakushinbunTests.a */ = {isa = PBXFileReference; explicitFileType = archive.ar; includeInIndex = 0; path = "libPods-mekakushinbunTests.a"; sourceTree = BUILT_PRODUCTS_DIR; };
		8CA9EE587CF948A90224D0C4 /* libPods-mekakushinbunUITests.a */ = {isa = PBXFileReference; explicitFileType = archive.ar; includeInIndex = 0; path = "libPods-mekakushinbunUITests.a"; sourceTree = BUILT_PRODUCTS_DIR; };
		8F39520A7D4AC539A80EE3F5 /* Pods-mekakushinbunUITests.release.xcconfig */ = {isa = PBXFileReference; includeInIndex = 1; lastKnownFileType = text.xcconfig; name = "Pods-mekakushinbunUITests.release.xcconfig"; path = "Pods/Target Support Files/Pods-mekakushinbunUITests/Pods-mekakushinbunUITests.release.xcconfig"; sourceTree = "<group>"; };
		CAAB4376297757F21106A3FF /* Pods-mekakushinbunTests.release.xcconfig */ = {isa = PBXFileReference; includeInIndex = 1; lastKnownFileType = text.xcconfig; name = "Pods-mekakushinbunTests.release.xcconfig"; path = "Pods/Target Support Files/Pods-mekakushinbunTests/Pods-mekakushinbunTests.release.xcconfig"; sourceTree = "<group>"; };
		EE0D4B234CDF8F5953467F32 /* Pods_mekakushinbun.framework */ = {isa = PBXFileReference; explicitFileType = wrapper.framework; includeInIndex = 0; path = Pods_mekakushinbun.framework; sourceTree = BUILT_PRODUCTS_DIR; };
/* End PBXFileReference section */

/* Begin PBXFrameworksBuildPhase section */
		3CF67D3A1D112409004050EE /* Frameworks */ = {
			isa = PBXFrameworksBuildPhase;
			buildActionMask = 2147483647;
			files = (
				8865678C9CFB9C538B77AB9F /* Pods_mekakushinbun.framework in Frameworks */,
			);
			runOnlyForDeploymentPostprocessing = 0;
		};
		3CF67D4E1D112409004050EE /* Frameworks */ = {
			isa = PBXFrameworksBuildPhase;
			buildActionMask = 2147483647;
			files = (
				28BA83951B6F905CEAF91101 /* libPods-mekakushinbunTests.a in Frameworks */,
			);
			runOnlyForDeploymentPostprocessing = 0;
		};
		3CF67D591D112409004050EE /* Frameworks */ = {
			isa = PBXFrameworksBuildPhase;
			buildActionMask = 2147483647;
			files = (
				D5A601155FB599FCE8B667C6 /* libPods-mekakushinbunUITests.a in Frameworks */,
			);
			runOnlyForDeploymentPostprocessing = 0;
		};
/* End PBXFrameworksBuildPhase section */

/* Begin PBXGroup section */
		3CF67D341D112408004050EE = {
			isa = PBXGroup;
			children = (
				3CF67D3F1D112409004050EE /* mekakushinbun */,
				3CF67D541D112409004050EE /* mekakushinbunTests */,
				3CF67D5F1D112409004050EE /* mekakushinbunUITests */,
				3CF67D3E1D112409004050EE /* Products */,
				4480F2D9316C15028A7B2615 /* Pods */,
				4A82FA073222EFA11F008518 /* Frameworks */,
			);
			sourceTree = "<group>";
		};
		3CF67D3E1D112409004050EE /* Products */ = {
			isa = PBXGroup;
			children = (
				3CF67D3D1D112409004050EE /* mekakushinbun.app */,
				3CF67D511D112409004050EE /* mekakushinbunTests.xctest */,
				3CF67D5C1D112409004050EE /* mekakushinbunUITests.xctest */,
			);
			name = Products;
			sourceTree = "<group>";
		};
		3CF67D3F1D112409004050EE /* mekakushinbun */ = {
			isa = PBXGroup;
			children = (
				3CF67D401D112409004050EE /* AppDelegate.swift */,
				3CF67D421D112409004050EE /* ViewController.swift */,
				3C018FB11D112C1100020AE9 /* detailController.swift */,
				3C018FB31D112C2900020AE9 /* menuController.swift */,
				3CF67D441D112409004050EE /* Main.storyboard */,
				3CF67D471D112409004050EE /* Assets.xcassets */,
				3CF67D491D112409004050EE /* LaunchScreen.storyboard */,
				3CF67D4C1D112409004050EE /* Info.plist */,
				3C018FB51D1132CA00020AE9 /* newsCell.xib */,
				3C018FB71D1136D500020AE9 /* newsTableViewCell.swift */,
			);
			path = mekakushinbun;
			sourceTree = "<group>";
		};
		3CF67D541D112409004050EE /* mekakushinbunTests */ = {
			isa = PBXGroup;
			children = (
				3CF67D551D112409004050EE /* mekakushinbunTests.swift */,
				3CF67D571D112409004050EE /* Info.plist */,
			);
			path = mekakushinbunTests;
			sourceTree = "<group>";
		};
		3CF67D5F1D112409004050EE /* mekakushinbunUITests */ = {
			isa = PBXGroup;
			children = (
				3CF67D601D112409004050EE /* mekakushinbunUITests.swift */,
				3CF67D621D112409004050EE /* Info.plist */,
			);
			path = mekakushinbunUITests;
			sourceTree = "<group>";
		};
		4480F2D9316C15028A7B2615 /* Pods */ = {
			isa = PBXGroup;
			children = (
				32EC651C4519A8EB504D50EF /* Pods-mekakushinbun.debug.xcconfig */,
				7F60E092529A759E761F6871 /* Pods-mekakushinbun.release.xcconfig */,
				1AE8584F9F73A40FBC85D6FC /* Pods-mekakushinbunTests.debug.xcconfig */,
				CAAB4376297757F21106A3FF /* Pods-mekakushinbunTests.release.xcconfig */,
				1AE6CE006D67CF6CFA2E1417 /* Pods-mekakushinbunUITests.debug.xcconfig */,
				8F39520A7D4AC539A80EE3F5 /* Pods-mekakushinbunUITests.release.xcconfig */,
			);
			name = Pods;
			sourceTree = "<group>";
		};
		4A82FA073222EFA11F008518 /* Frameworks */ = {
			isa = PBXGroup;
			children = (
				EE0D4B234CDF8F5953467F32 /* Pods_mekakushinbun.framework */,
				8692572AA1B7C7851D79E4E7 /* libPods-mekakushinbunTests.a */,
				8CA9EE587CF948A90224D0C4 /* libPods-mekakushinbunUITests.a */,
			);
			name = Frameworks;
			sourceTree = "<group>";
		};
/* End PBXGroup section */

/* Begin PBXNativeTarget section */
		3CF67D3C1D112409004050EE /* mekakushinbun */ = {
			isa = PBXNativeTarget;
			buildConfigurationList = 3CF67D651D112409004050EE /* Build configuration list for PBXNativeTarget "mekakushinbun" */;
			buildPhases = (
				AD0353B16D878D42CA4F6E1D /* 📦 Check Pods Manifest.lock */,
				3CF67D391D112409004050EE /* Sources */,
				3CF67D3A1D112409004050EE /* Frameworks */,
				3CF67D3B1D112409004050EE /* Resources */,
				CD4DF595B640BE74C740E534 /* 📦 Embed Pods Frameworks */,
				F52D44E5196B52D4EF4065E5 /* 📦 Copy Pods Resources */,
			);
			buildRules = (
			);
			dependencies = (
			);
			name = mekakushinbun;
			productName = mekakushinbun;
			productReference = 3CF67D3D1D112409004050EE /* mekakushinbun.app */;
			productType = "com.apple.product-type.application";
		};
		3CF67D501D112409004050EE /* mekakushinbunTests */ = {
			isa = PBXNativeTarget;
			buildConfigurationList = 3CF67D681D112409004050EE /* Build configuration list for PBXNativeTarget "mekakushinbunTests" */;
			buildPhases = (
				980882B1A2DE1E2F3555E911 /* 📦 Check Pods Manifest.lock */,
				3CF67D4D1D112409004050EE /* Sources */,
				3CF67D4E1D112409004050EE /* Frameworks */,
				3CF67D4F1D112409004050EE /* Resources */,
				6B3A37B18CB36361288E1E8A /* 📦 Embed Pods Frameworks */,
				C6E324D680CD3B210DC88E99 /* 📦 Copy Pods Resources */,
			);
			buildRules = (
			);
			dependencies = (
				3CF67D531D112409004050EE /* PBXTargetDependency */,
			);
			name = mekakushinbunTests;
			productName = mekakushinbunTests;
			productReference = 3CF67D511D112409004050EE /* mekakushinbunTests.xctest */;
			productType = "com.apple.product-type.bundle.unit-test";
		};
		3CF67D5B1D112409004050EE /* mekakushinbunUITests */ = {
			isa = PBXNativeTarget;
			buildConfigurationList = 3CF67D6B1D112409004050EE /* Build configuration list for PBXNativeTarget "mekakushinbunUITests" */;
			buildPhases = (
				BC63F1F00D23434D25D9407F /* 📦 Check Pods Manifest.lock */,
				3CF67D581D112409004050EE /* Sources */,
				3CF67D591D112409004050EE /* Frameworks */,
				3CF67D5A1D112409004050EE /* Resources */,
				246A3B08DF3D4880FF4B5CC0 /* 📦 Copy Pods Resources */,
			);
			buildRules = (
			);
			dependencies = (
				3CF67D5E1D112409004050EE /* PBXTargetDependency */,
			);
			name = mekakushinbunUITests;
			productName = mekakushinbunUITests;
			productReference = 3CF67D5C1D112409004050EE /* mekakushinbunUITests.xctest */;
			productType = "com.apple.product-type.bundle.ui-testing";
		};
/* End PBXNativeTarget section */

/* Begin PBXProject section */
		3CF67D351D112408004050EE /* Project object */ = {
			isa = PBXProject;
			attributes = {
				LastSwiftUpdateCheck = 0720;
				LastUpgradeCheck = 0720;
				ORGANIZATIONNAME = satoshiii;
				TargetAttributes = {
					3CF67D3C1D112409004050EE = {
						CreatedOnToolsVersion = 7.2.1;
					};
					3CF67D501D112409004050EE = {
						CreatedOnToolsVersion = 7.2.1;
						TestTargetID = 3CF67D3C1D112409004050EE;
					};
					3CF67D5B1D112409004050EE = {
						CreatedOnToolsVersion = 7.2.1;
						TestTargetID = 3CF67D3C1D112409004050EE;
					};
				};
			};
			buildConfigurationList = 3CF67D381D112408004050EE /* Build configuration list for PBXProject "mekakushinbun" */;
			compatibilityVersion = "Xcode 3.2";
			developmentRegion = English;
			hasScannedForEncodings = 0;
			knownRegions = (
				en,
				Base,
			);
			mainGroup = 3CF67D341D112408004050EE;
			productRefGroup = 3CF67D3E1D112409004050EE /* Products */;
			projectDirPath = "";
			projectRoot = "";
			targets = (
				3CF67D3C1D112409004050EE /* mekakushinbun */,
				3CF67D501D112409004050EE /* mekakushinbunTests */,
				3CF67D5B1D112409004050EE /* mekakushinbunUITests */,
			);
		};
/* End PBXProject section */

/* Begin PBXResourcesBuildPhase section */
		3CF67D3B1D112409004050EE /* Resources */ = {
			isa = PBXResourcesBuildPhase;
			buildActionMask = 2147483647;
			files = (
				3CF67D4B1D112409004050EE /* LaunchScreen.storyboard in Resources */,
				3CF67D481D112409004050EE /* Assets.xcassets in Resources */,
				3C018FB61D1132CA00020AE9 /* newsCell.xib in Resources */,
				3CF67D461D112409004050EE /* Main.storyboard in Resources */,
			);
			runOnlyForDeploymentPostprocessing = 0;
		};
		3CF67D4F1D112409004050EE /* Resources */ = {
			isa = PBXResourcesBuildPhase;
			buildActionMask = 2147483647;
			files = (
			);
			runOnlyForDeploymentPostprocessing = 0;
		};
		3CF67D5A1D112409004050EE /* Resources */ = {
			isa = PBXResourcesBuildPhase;
			buildActionMask = 2147483647;
			files = (
			);
			runOnlyForDeploymentPostprocessing = 0;
		};
/* End PBXResourcesBuildPhase section */

/* Begin PBXShellScriptBuildPhase section */
		246A3B08DF3D4880FF4B5CC0 /* 📦 Copy Pods Resources */ = {
			isa = PBXShellScriptBuildPhase;
			buildActionMask = 2147483647;
			files = (
			);
			inputPaths = (
			);
			name = "📦 Copy Pods Resources";
			outputPaths = (
			);
			runOnlyForDeploymentPostprocessing = 0;
			shellPath = /bin/sh;
			shellScript = "\"${SRCROOT}/Pods/Target Support Files/Pods-mekakushinbunUITests/Pods-mekakushinbunUITests-resources.sh\"\n";
			showEnvVarsInLog = 0;
		};
		6B3A37B18CB36361288E1E8A /* 📦 Embed Pods Frameworks */ = {
			isa = PBXShellScriptBuildPhase;
			buildActionMask = 2147483647;
			files = (
			);
			inputPaths = (
			);
			name = "📦 Embed Pods Frameworks";
			outputPaths = (
			);
			runOnlyForDeploymentPostprocessing = 0;
			shellPath = /bin/sh;
			shellScript = "\"${SRCROOT}/Pods/Target Support Files/Pods-mekakushinbunTests/Pods-mekakushinbunTests-frameworks.sh\"\n";
			showEnvVarsInLog = 0;
		};
		980882B1A2DE1E2F3555E911 /* 📦 Check Pods Manifest.lock */ = {
			isa = PBXShellScriptBuildPhase;
			buildActionMask = 2147483647;
			files = (
			);
			inputPaths = (
			);
			name = "📦 Check Pods Manifest.lock";
			outputPaths = (
			);
			runOnlyForDeploymentPostprocessing = 0;
			shellPath = /bin/sh;
			shellScript = "diff \"${PODS_ROOT}/../Podfile.lock\" \"${PODS_ROOT}/Manifest.lock\" > /dev/null\nif [[ $? != 0 ]] ; then\n    cat << EOM\nerror: The sandbox is not in sync with the Podfile.lock. Run 'pod install' or update your CocoaPods installation.\nEOM\n    exit 1\nfi\n";
			showEnvVarsInLog = 0;
		};
		AD0353B16D878D42CA4F6E1D /* 📦 Check Pods Manifest.lock */ = {
			isa = PBXShellScriptBuildPhase;
			buildActionMask = 2147483647;
			files = (
			);
			inputPaths = (
			);
			name = "📦 Check Pods Manifest.lock";
			outputPaths = (
			);
			runOnlyForDeploymentPostprocessing = 0;
			shellPath = /bin/sh;
			shellScript = "diff \"${PODS_ROOT}/../Podfile.lock\" \"${PODS_ROOT}/Manifest.lock\" > /dev/null\nif [[ $? != 0 ]] ; then\n    cat << EOM\nerror: The sandbox is not in sync with the Podfile.lock. Run 'pod install' or update your CocoaPods installation.\nEOM\n    exit 1\nfi\n";
			showEnvVarsInLog = 0;
		};
		BC63F1F00D23434D25D9407F /* 📦 Check Pods Manifest.lock */ = {
			isa = PBXShellScriptBuildPhase;
			buildActionMask = 2147483647;
			files = (
			);
			inputPaths = (
			);
			name = "📦 Check Pods Manifest.lock";
			outputPaths = (
			);
			runOnlyForDeploymentPostprocessing = 0;
			shellPath = /bin/sh;
			shellScript = "diff \"${PODS_ROOT}/../Podfile.lock\" \"${PODS_ROOT}/Manifest.lock\" > /dev/null\nif [[ $? != 0 ]] ; then\n    cat << EOM\nerror: The sandbox is not in sync with the Podfile.lock. Run 'pod install' or update your CocoaPods installation.\nEOM\n    exit 1\nfi\n";
			showEnvVarsInLog = 0;
		};
		C6E324D680CD3B210DC88E99 /* 📦 Copy Pods Resources */ = {
			isa = PBXShellScriptBuildPhase;
			buildActionMask = 2147483647;
			files = (
			);
			inputPaths = (
			);
			name = "📦 Copy Pods Resources";
			outputPaths = (
			);
			runOnlyForDeploymentPostprocessing = 0;
			shellPath = /bin/sh;
			shellScript = "\"${SRCROOT}/Pods/Target Support Files/Pods-mekakushinbunTests/Pods-mekakushinbunTests-resources.sh\"\n";
			showEnvVarsInLog = 0;
		};
		CD4DF595B640BE74C740E534 /* 📦 Embed Pods Frameworks */ = {
			isa = PBXShellScriptBuildPhase;
			buildActionMask = 2147483647;
			files = (
			);
			inputPaths = (
			);
			name = "📦 Embed Pods Frameworks";
			outputPaths = (
			);
			runOnlyForDeploymentPostprocessing = 0;
			shellPath = /bin/sh;
			shellScript = "\"${SRCROOT}/Pods/Target Support Files/Pods-mekakushinbun/Pods-mekakushinbun-frameworks.sh\"\n";
			showEnvVarsInLog = 0;
		};
		F52D44E5196B52D4EF4065E5 /* 📦 Copy Pods Resources */ = {
			isa = PBXShellScriptBuildPhase;
			buildActionMask = 2147483647;
			files = (
			);
			inputPaths = (
			);
			name = "📦 Copy Pods Resources";
			outputPaths = (
			);
			runOnlyForDeploymentPostprocessing = 0;
			shellPath = /bin/sh;
			shellScript = "\"${SRCROOT}/Pods/Target Support Files/Pods-mekakushinbun/Pods-mekakushinbun-resources.sh\"\n";
			showEnvVarsInLog = 0;
		};
/* End PBXShellScriptBuildPhase section */

/* Begin PBXSourcesBuildPhase section */
		3CF67D391D112409004050EE /* Sources */ = {
			isa = PBXSourcesBuildPhase;
			buildActionMask = 2147483647;
			files = (
				3C018FB41D112C2900020AE9 /* menuController.swift in Sources */,
				3CF67D431D112409004050EE /* ViewController.swift in Sources */,
				3C018FB81D1136D500020AE9 /* newsTableViewCell.swift in Sources */,
				3CF67D411D112409004050EE /* AppDelegate.swift in Sources */,
				3C018FB21D112C1100020AE9 /* detailController.swift in Sources */,
			);
			runOnlyForDeploymentPostprocessing = 0;
		};
		3CF67D4D1D112409004050EE /* Sources */ = {
			isa = PBXSourcesBuildPhase;
			buildActionMask = 2147483647;
			files = (
				3CF67D561D112409004050EE /* mekakushinbunTests.swift in Sources */,
			);
			runOnlyForDeploymentPostprocessing = 0;
		};
		3CF67D581D112409004050EE /* Sources */ = {
			isa = PBXSourcesBuildPhase;
			buildActionMask = 2147483647;
			files = (
				3CF67D611D112409004050EE /* mekakushinbunUITests.swift in Sources */,
			);
			runOnlyForDeploymentPostprocessing = 0;
		};
/* End PBXSourcesBuildPhase section */

/* Begin PBXTargetDependency section */
		3CF67D531D112409004050EE /* PBXTargetDependency */ = {
			isa = PBXTargetDependency;
			target = 3CF67D3C1D112409004050EE /* mekakushinbun */;
			targetProxy = 3CF67D521D112409004050EE /* PBXContainerItemProxy */;
		};
		3CF67D5E1D112409004050EE /* PBXTargetDependency */ = {
			isa = PBXTargetDependency;
			target = 3CF67D3C1D112409004050EE /* mekakushinbun */;
			targetProxy = 3CF67D5D1D112409004050EE /* PBXContainerItemProxy */;
		};
/* End PBXTargetDependency section */

/* Begin PBXVariantGroup section */
		3CF67D441D112409004050EE /* Main.storyboard */ = {
			isa = PBXVariantGroup;
			children = (
				3CF67D451D112409004050EE /* Base */,
			);
			name = Main.storyboard;
			sourceTree = "<group>";
		};
		3CF67D491D112409004050EE /* LaunchScreen.storyboard */ = {
			isa = PBXVariantGroup;
			children = (
				3CF67D4A1D112409004050EE /* Base */,
			);
			name = LaunchScreen.storyboard;
			sourceTree = "<group>";
		};
/* End PBXVariantGroup section */

/* Begin XCBuildConfiguration section */
		3CF67D631D112409004050EE /* Debug */ = {
			isa = XCBuildConfiguration;
			buildSettings = {
				ALWAYS_SEARCH_USER_PATHS = NO;
				CLANG_CXX_LANGUAGE_STANDARD = "gnu++0x";
				CLANG_CXX_LIBRARY = "libc++";
				CLANG_ENABLE_MODULES = YES;
				CLANG_ENABLE_OBJC_ARC = YES;
				CLANG_WARN_BOOL_CONVERSION = YES;
				CLANG_WARN_CONSTANT_CONVERSION = YES;
				CLANG_WARN_DIRECT_OBJC_ISA_USAGE = YES_ERROR;
				CLANG_WARN_EMPTY_BODY = YES;
				CLANG_WARN_ENUM_CONVERSION = YES;
				CLANG_WARN_INT_CONVERSION = YES;
				CLANG_WARN_OBJC_ROOT_CLASS = YES_ERROR;
				CLANG_WARN_UNREACHABLE_CODE = YES;
				CLANG_WARN__DUPLICATE_METHOD_MATCH = YES;
				"CODE_SIGN_IDENTITY[sdk=iphoneos*]" = "iPhone Developer";
				COPY_PHASE_STRIP = NO;
				DEBUG_INFORMATION_FORMAT = dwarf;
				ENABLE_STRICT_OBJC_MSGSEND = YES;
				ENABLE_TESTABILITY = YES;
				GCC_C_LANGUAGE_STANDARD = gnu99;
				GCC_DYNAMIC_NO_PIC = NO;
				GCC_NO_COMMON_BLOCKS = YES;
				GCC_OPTIMIZATION_LEVEL = 0;
				GCC_PREPROCESSOR_DEFINITIONS = (
					"DEBUG=1",
					"$(inherited)",
				);
				GCC_WARN_64_TO_32_BIT_CONVERSION = YES;
				GCC_WARN_ABOUT_RETURN_TYPE = YES_ERROR;
				GCC_WARN_UNDECLARED_SELECTOR = YES;
				GCC_WARN_UNINITIALIZED_AUTOS = YES_AGGRESSIVE;
				GCC_WARN_UNUSED_FUNCTION = YES;
				GCC_WARN_UNUSED_VARIABLE = YES;
				IPHONEOS_DEPLOYMENT_TARGET = 9.2;
				MTL_ENABLE_DEBUG_INFO = YES;
				ONLY_ACTIVE_ARCH = YES;
				SDKROOT = iphoneos;
				SWIFT_OPTIMIZATION_LEVEL = "-Onone";
			};
			name = Debug;
		};
		3CF67D641D112409004050EE /* Release */ = {
			isa = XCBuildConfiguration;
			buildSettings = {
				ALWAYS_SEARCH_USER_PATHS = NO;
				CLANG_CXX_LANGUAGE_STANDARD = "gnu++0x";
				CLANG_CXX_LIBRARY = "libc++";
				CLANG_ENABLE_MODULES = YES;
				CLANG_ENABLE_OBJC_ARC = YES;
				CLANG_WARN_BOOL_CONVERSION = YES;
				CLANG_WARN_CONSTANT_CONVERSION = YES;
				CLANG_WARN_DIRECT_OBJC_ISA_USAGE = YES_ERROR;
				CLANG_WARN_EMPTY_BODY = YES;
				CLANG_WARN_ENUM_CONVERSION = YES;
				CLANG_WARN_INT_CONVERSION = YES;
				CLANG_WARN_OBJC_ROOT_CLASS = YES_ERROR;
				CLANG_WARN_UNREACHABLE_CODE = YES;
				CLANG_WARN__DUPLICATE_METHOD_MATCH = YES;
				"CODE_SIGN_IDENTITY[sdk=iphoneos*]" = "iPhone Developer";
				COPY_PHASE_STRIP = NO;
				DEBUG_INFORMATION_FORMAT = "dwarf-with-dsym";
				ENABLE_NS_ASSERTIONS = NO;
				ENABLE_STRICT_OBJC_MSGSEND = YES;
				GCC_C_LANGUAGE_STANDARD = gnu99;
				GCC_NO_COMMON_BLOCKS = YES;
				GCC_WARN_64_TO_32_BIT_CONVERSION = YES;
				GCC_WARN_ABOUT_RETURN_TYPE = YES_ERROR;
				GCC_WARN_UNDECLARED_SELECTOR = YES;
				GCC_WARN_UNINITIALIZED_AUTOS = YES_AGGRESSIVE;
				GCC_WARN_UNUSED_FUNCTION = YES;
				GCC_WARN_UNUSED_VARIABLE = YES;
				IPHONEOS_DEPLOYMENT_TARGET = 9.2;
				MTL_ENABLE_DEBUG_INFO = NO;
				SDKROOT = iphoneos;
				VALIDATE_PRODUCT = YES;
			};
			name = Release;
		};
		3CF67D661D112409004050EE /* Debug */ = {
			isa = XCBuildConfiguration;
			baseConfigurationReference = 32EC651C4519A8EB504D50EF /* Pods-mekakushinbun.debug.xcconfig */;
			buildSettings = {
				ASSETCATALOG_COMPILER_APPICON_NAME = AppIcon;
				INFOPLIST_FILE = mekakushinbun/Info.plist;
				LD_RUNPATH_SEARCH_PATHS = "$(inherited) @executable_path/Frameworks";
				PRODUCT_BUNDLE_IDENTIFIER = com.satoshiii.mekakushinbun;
				PRODUCT_NAME = "$(TARGET_NAME)";
			};
			name = Debug;
		};
		3CF67D671D112409004050EE /* Release */ = {
			isa = XCBuildConfiguration;
			baseConfigurationReference = 7F60E092529A759E761F6871 /* Pods-mekakushinbun.release.xcconfig */;
			buildSettings = {
				ASSETCATALOG_COMPILER_APPICON_NAME = AppIcon;
				INFOPLIST_FILE = mekakushinbun/Info.plist;
				LD_RUNPATH_SEARCH_PATHS = "$(inherited) @executable_path/Frameworks";
				PRODUCT_BUNDLE_IDENTIFIER = com.satoshiii.mekakushinbun;
				PRODUCT_NAME = "$(TARGET_NAME)";
			};
			name = Release;
		};
		3CF67D691D112409004050EE /* Debug */ = {
			isa = XCBuildConfiguration;
			baseConfigurationReference = 1AE8584F9F73A40FBC85D6FC /* Pods-mekakushinbunTests.debug.xcconfig */;
			buildSettings = {
				BUNDLE_LOADER = "$(TEST_HOST)";
				INFOPLIST_FILE = mekakushinbunTests/Info.plist;
				LD_RUNPATH_SEARCH_PATHS = "$(inherited) @executable_path/Frameworks @loader_path/Frameworks";
				PRODUCT_BUNDLE_IDENTIFIER = com.satoshiii.mekakushinbunTests;
				PRODUCT_NAME = "$(TARGET_NAME)";
				TEST_HOST = "$(BUILT_PRODUCTS_DIR)/mekakushinbun.app/mekakushinbun";
			};
			name = Debug;
		};
		3CF67D6A1D112409004050EE /* Release */ = {
			isa = XCBuildConfiguration;
			baseConfigurationReference = CAAB4376297757F21106A3FF /* Pods-mekakushinbunTests.release.xcconfig */;
			buildSettings = {
				BUNDLE_LOADER = "$(TEST_HOST)";
				INFOPLIST_FILE = mekakushinbunTests/Info.plist;
				LD_RUNPATH_SEARCH_PATHS = "$(inherited) @executable_path/Frameworks @loader_path/Frameworks";
				PRODUCT_BUNDLE_IDENTIFIER = com.satoshiii.mekakushinbunTests;
				PRODUCT_NAME = "$(TARGET_NAME)";
				TEST_HOST = "$(BUILT_PRODUCTS_DIR)/mekakushinbun.app/mekakushinbun";
			};
			name = Release;
		};
		3CF67D6C1D112409004050EE /* Debug */ = {
			isa = XCBuildConfiguration;
			baseConfigurationReference = 1AE6CE006D67CF6CFA2E1417 /* Pods-mekakushinbunUITests.debug.xcconfig */;
			buildSettings = {
				INFOPLIST_FILE = mekakushinbunUITests/Info.plist;
				LD_RUNPATH_SEARCH_PATHS = "$(inherited) @executable_path/Frameworks @loader_path/Frameworks";
				PRODUCT_BUNDLE_IDENTIFIER = com.satoshiii.mekakushinbunUITests;
				PRODUCT_NAME = "$(TARGET_NAME)";
				TEST_TARGET_NAME = mekakushinbun;
				USES_XCTRUNNER = YES;
			};
			name = Debug;
		};
		3CF67D6D1D112409004050EE /* Release */ = {
			isa = XCBuildConfiguration;
			baseConfigurationReference = 8F39520A7D4AC539A80EE3F5 /* Pods-mekakushinbunUITests.release.xcconfig */;
			buildSettings = {
				INFOPLIST_FILE = mekakushinbunUITests/Info.plist;
				LD_RUNPATH_SEARCH_PATHS = "$(inherited) @executable_path/Frameworks @loader_path/Frameworks";
				PRODUCT_BUNDLE_IDENTIFIER = com.satoshiii.mekakushinbunUITests;
				PRODUCT_NAME = "$(TARGET_NAME)";
				TEST_TARGET_NAME = mekakushinbun;
				USES_XCTRUNNER = YES;
			};
			name = Release;
		};
/* End XCBuildConfiguration section */

/* Begin XCConfigurationList section */
		3CF67D381D112408004050EE /* Build configuration list for PBXProject "mekakushinbun" */ = {
			isa = XCConfigurationList;
			buildConfigurations = (
				3CF67D631D112409004050EE /* Debug */,
				3CF67D641D112409004050EE /* Release */,
			);
			defaultConfigurationIsVisible = 0;
			defaultConfigurationName = Release;
		};
		3CF67D651D112409004050EE /* Build configuration list for PBXNativeTarget "mekakushinbun" */ = {
			isa = XCConfigurationList;
			buildConfigurations = (
				3CF67D661D112409004050EE /* Debug */,
				3CF67D671D112409004050EE /* Release */,
			);
			defaultConfigurationIsVisible = 0;
			defaultConfigurationName = Release;
		};
		3CF67D681D112409004050EE /* Build configuration list for PBXNativeTarget "mekakushinbunTests" */ = {
			isa = XCConfigurationList;
			buildConfigurations = (
				3CF67D691D112409004050EE /* Debug */,
				3CF67D6A1D112409004050EE /* Release */,
			);
			defaultConfigurationIsVisible = 0;
			defaultConfigurationName = Release;
		};
		3CF67D6B1D112409004050EE /* Build configuration list for PBXNativeTarget "mekakushinbunUITests" */ = {
			isa = XCConfigurationList;
			buildConfigurations = (
				3CF67D6C1D112409004050EE /* Debug */,
				3CF67D6D1D112409004050EE /* Release */,
			);
			defaultConfigurationIsVisible = 0;
			defaultConfigurationName = Release;
		};
/* End XCConfigurationList section */
	};
	rootObject = 3CF67D351D112408004050EE /* Project object */;
}
